
Microsoft Visual Studio Solution File, Format Version 12.00
# Visual Studio 2015
Project("{FAE04EC0-301F-11D3-BF4B-00C04F79EFBC}") = "Pogo 2.CSharp", "Pogo 2.CSharp.csproj", "{7E2EABB2-0154-E1DC-EDE5-548AB59BFD38}"
EndProject
Project("{FAE04EC0-301F-11D3-BF4B-00C04F79EFBC}") = "Pogo 2.CSharpTests", "..\Pogo 2.CSharpTests\Pogo 2.CSharpTests.csproj", "{596C78EC-A2FA-4A31-BEFA-B9FB5C2CCFBF}"
EndProject
Global
	GlobalSection(SolutionConfigurationPlatforms) = preSolution
		Debug|Any CPU = Debug|Any CPU
		Release|Any CPU = Release|Any CPU
	EndGlobalSection
	GlobalSection(ProjectConfigurationPlatforms) = postSolution
		{7E2EABB2-0154-E1DC-EDE5-548AB59BFD38}.Debug|Any CPU.ActiveCfg = Debug|Any CPU
		{7E2EABB2-0154-E1DC-EDE5-548AB59BFD38}.Debug|Any CPU.Build.0 = Debug|Any CPU
		{7E2EABB2-0154-E1DC-EDE5-548AB59BFD38}.Release|Any CPU.ActiveCfg = Release|Any CPU
		{7E2EABB2-0154-E1DC-EDE5-548AB59BFD38}.Release|Any CPU.Build.0 = Release|Any CPU
		{596C78EC-A2FA-4A31-BEFA-B9FB5C2CCFBF}.Debug|Any CPU.ActiveCfg = Debug|Any CPU
		{596C78EC-A2FA-4A31-BEFA-B9FB5C2CCFBF}.Debug|Any CPU.Build.0 = Debug|Any CPU
		{596C78EC-A2FA-4A31-BEFA-B9FB5C2CCFBF}.Release|Any CPU.ActiveCfg = Release|Any CPU
		{596C78EC-A2FA-4A31-BEFA-B9FB5C2CCFBF}.Release|Any CPU.Build.0 = Release|Any CPU
	EndGlobalSection
	GlobalSection(SolutionProperties) = preSolution
		HideSolutionNode = FALSE
	EndGlobalSection
EndGlobal
